{
  "requires": true,
  "lockfileVersion": 1,
  "dependencies": {
    "debug": {
      "version": "2.6.9",
      "resolved": "https://registry.npmjs.org/debug/-/debug-2.6.9.tgz",
      "integrity": "sha512-bC7ElrdJaJnPbAP+1EotYvqZsb3ecl5wi6Bfi6BJTUcNowp6cvspg0jXznRTKDjm/E7AdgFBVeAPVMNcKGsHMA==",
      "requires": {
        "ms": "2.0.0"
      }
    },
    "ms": {
      "version": "2.0.0",
      "resolved": "https://registry.npmjs.org/ms/-/ms-2.0.0.tgz",
      "integrity": "sha1-VgiurfwAvmwpAd9fmGF4jeDVl8g="
    },
    "vkbeautify": {
      "version": "0.99.3",
      "resolved": "https://registry.npmjs.org/vkbeautify/-/vkbeautify-0.99.3.tgz",
      "integrity": "sha512-2ozZEFfmVvQcHWoHLNuiKlUfDKlhh4KGsy54U0UrlLMR1SO+XKAIDqBxtBwHgNrekurlJwE8A9K6L49T78ZQ9Q=="
    },
    "xml-formatter": {
      "version": "1.0.1",
      "resolved": "https://registry.npmjs.org/xml-formatter/-/xml-formatter-1.0.1.tgz",
      "integrity": "sha1-OAgz3dC86iwJht7+u6cfhDhPNT0=",
      "requires": {
        "xml-parser-xo": "^2.1.1"
      }
    },
    "xml-parser-xo": {
      "version": "2.1.3",
      "resolved": "https://registry.npmjs.org/xml-parser-xo/-/xml-parser-xo-2.1.3.tgz",
      "integrity": "sha1-TqjrhW36TddcSrVLJRVY3grcHGE=",
      "requires": {
        "debug": "^2.2.0"
      }
    }
  }
}
